# THIS IS AN AUTOGENERATED FILE. DO NOT EDIT THIS FILE DIRECTLY.
# yarn lockfile v1


numeral@^2.0.4:
  version "2.0.4"
  resolved "https://registry.yarnpkg.com/numeral/-/numeral-2.0.4.tgz#545a0c709e090a9cf79bebec802b93f60061f038"

random-js@^1.0.8:
  version "1.0.8"
  resolved "https://registry.yarnpkg.com/random-js/-/random-js-1.0.8.tgz#968fd689a6f25d6c0aac766283de2f688c9c190a"
